
Microsoft Visual Studio Solution File, Format Version 12.00
# Visual Studio Version 17
VisualStudioVersion = 17.12.35209.166
MinimumVisualStudioVersion = 10.0.40219.1
Project("{FAE04EC0-301F-11D3-BF4B-00C04F79EFBC}") = "TraahvIndividual", "TraahvIndividual\TraahvIndividual.csproj", "{451869B3-DDEC-4A43-A331-8BDC4C22BFD7}"
EndProject
Global
	GlobalSection(SolutionConfigurationPlatforms) = preSolution
		Debug|Any CPU = Debug|Any CPU
		Release|Any CPU = Release|Any CPU
	EndGlobalSection
	GlobalSection(ProjectConfigurationPlatforms) = postSolution
		{451869B3-DDEC-4A43-A331-8BDC4C22BFD7}.Debug|Any CPU.ActiveCfg = Debug|Any CPU
		{451869B3-DDEC-4A43-A331-8BDC4C22BFD7}.Debug|Any CPU.Build.0 = Debug|Any CPU
		{451869B3-DDEC-4A43-A331-8BDC4C22BFD7}.Release|Any CPU.ActiveCfg = Release|Any CPU
		{451869B3-DDEC-4A43-A331-8BDC4C22BFD7}.Release|Any CPU.Build.0 = Release|Any CPU
	EndGlobalSection
	GlobalSection(SolutionProperties) = preSolution
		HideSolutionNode = FALSE
	EndGlobalSection
	GlobalSection(ExtensibilityGlobals) = postSolution
		SolutionGuid = {87F4C73A-6EA3-4A30-9324-09AF158C5B2B}
	EndGlobalSection
EndGlobal
